{
  "version": 4,
  "terraform_version": "1.1.9",
  "serial": 17,
  "lineage": "7a8e6a3e-a101-1f1c-04df-ac958d7d723d",
  "outputs": {
    "access_key": {
      "value": "YCAJEUFaW4pFMY1QzMcRGcGUX",
      "type": "string",
      "sensitive": true
    },
    "secret_key": {
      "value": "YCNf0QaBokCwBfHArx8Ijqei9EWEyXGr2ZPil-qk",
      "type": "string",
      "sensitive": true
    }
  },
  "resources": [
    {
      "mode": "managed",
      "type": "yandex_iam_service_account",
      "name": "sa",
      "provider": "provider[\"registry.terraform.io/yandex-cloud/yandex\"]",
      "instances": [
        {
          "schema_version": 0,
          "attributes": {
            "created_at": "2022-05-08T08:26:36Z",
            "description": "",
            "folder_id": "b1gs95gsuobv7d7ijpbq",
            "id": "ajemmgfbb4i2letujdja",
            "name": "sa-skillfactory",
            "timeouts": null
          },
          "sensitive_attributes": [],
          "private": "eyJlMmJmYjczMC1lY2FhLTExZTYtOGY4OC0zNDM2M2JjN2M0YzAiOnsiY3JlYXRlIjo2MDAwMDAwMDAwMCwiZGVsZXRlIjo2MDAwMDAwMDAwMCwidXBkYXRlIjo2MDAwMDAwMDAwMH19"
        }
      ]
    },
    {
      "mode": "managed",
      "type": "yandex_iam_service_account_static_access_key",
      "name": "sa-static-key",
      "provider": "provider[\"registry.terraform.io/yandex-cloud/yandex\"]",
      "instances": [
        {
          "schema_version": 0,
          "attributes": {
            "access_key": "YCAJEUFaW4pFMY1QzMcRGcGUX",
            "created_at": "2022-05-08T08:26:37Z",
            "description": "static access key for object storage",
            "encrypted_secret_key": null,
            "id": "ajetjtaf5s5ubhi43aph",
            "key_fingerprint": null,
            "pgp_key": null,
            "secret_key": "YCNf0QaBokCwBfHArx8Ijqei9EWEyXGr2ZPil-qk",
            "service_account_id": "ajemmgfbb4i2letujdja"
          },
          "sensitive_attributes": [],
          "private": "bnVsbA==",
          "dependencies": [
            "yandex_iam_service_account.sa"
          ]
        }
      ]
    },
    {
      "mode": "managed",
      "type": "yandex_resourcemanager_folder_iam_member",
      "name": "sa-admin",
      "provider": "provider[\"registry.terraform.io/yandex-cloud/yandex\"]",
      "instances": [
        {
          "schema_version": 0,
          "attributes": {
            "folder_id": "b1gs95gsuobv7d7ijpbq",
            "id": "b1gs95gsuobv7d7ijpbq/storage.admin/serviceAccount:ajemmgfbb4i2letujdja",
            "member": "serviceAccount:ajemmgfbb4i2letujdja",
            "role": "storage.admin",
            "sleep_after": null
          },
          "sensitive_attributes": [],
          "private": "bnVsbA==",
          "dependencies": [
            "yandex_iam_service_account.sa"
          ]
        }
      ]
    },
    {
      "mode": "managed",
      "type": "yandex_storage_bucket",
      "name": "state",
      "provider": "provider[\"registry.terraform.io/yandex-cloud/yandex\"]",
      "instances": [
        {
          "schema_version": 0,
          "attributes": {
            "access_key": "YCAJEUFaW4pFMY1QzMcRGcGUX",
            "acl": "private",
            "bucket": "tf-state-bucket-gis",
            "bucket_domain_name": "tf-state-bucket-gis.storage.yandexcloud.net",
            "bucket_prefix": null,
            "cors_rule": [],
            "force_destroy": false,
            "grant": [],
            "id": "tf-state-bucket-gis",
            "lifecycle_rule": [],
            "logging": [],
            "policy": "",
            "secret_key": "YCNf0QaBokCwBfHArx8Ijqei9EWEyXGr2ZPil-qk",
            "server_side_encryption_configuration": [],
            "versioning": [
              {
                "enabled": false
              }
            ],
            "website": [],
            "website_domain": null,
            "website_endpoint": null
          },
          "sensitive_attributes": [
            [
              {
                "type": "get_attr",
                "value": "secret_key"
              }
            ]
          ],
          "private": "bnVsbA==",
          "dependencies": [
            "yandex_iam_service_account_static_access_key.sa-static-key"
          ]
        }
      ]
    }
  ]
}
